
Microsoft Visual Studio Solution File, Format Version 12.00
# Visual Studio Version 17
VisualStudioVersion = 17.9.34902.65
MinimumVisualStudioVersion = 10.0.40219.1
Project("{2150E333-8FDC-42A3-9474-1A3956D46DE8}") = "Solution Items", "Solution Items", "{30C31B6B-A2C2-443B-87EE-DF2D42A7A586}"
EndProject
Project("{2150E333-8FDC-42A3-9474-1A3956D46DE8}") = "src", "src", "{E8411BAF-9A62-43D4-9117-A5E15C953910}"
EndProject
Project("{2150E333-8FDC-42A3-9474-1A3956D46DE8}") = "Services", "Services", "{75B07721-0E71-4D31-8F38-BE4AB754A7A6}"
EndProject
Project("{2150E333-8FDC-42A3-9474-1A3956D46DE8}") = "ApiGateways", "ApiGateways", "{4A97A4D8-B1F7-4E09-BCB0-8FC41950D486}"
EndProject
Project("{2150E333-8FDC-42A3-9474-1A3956D46DE8}") = "WebApps", "WebApps", "{DE29EFD9-A14A-409D-94AF-D345B5D0D65A}"
EndProject
Project("{2150E333-8FDC-42A3-9474-1A3956D46DE8}") = "Identity", "Identity", "{1C443CC2-DE82-460E-9634-953C6FDDE41D}"
EndProject
Project("{FAE04EC0-301F-11D3-BF4B-00C04F79EFBC}") = "Identity.API", "Services\Identity\Identity.API\Identity.API.csproj", "{EFC0E452-479B-4E28-81C3-B544149624BD}"
EndProject
Global
	GlobalSection(SolutionConfigurationPlatforms) = preSolution
		Debug|Any CPU = Debug|Any CPU
		Release|Any CPU = Release|Any CPU
	EndGlobalSection
	GlobalSection(ProjectConfigurationPlatforms) = postSolution
		{EFC0E452-479B-4E28-81C3-B544149624BD}.Debug|Any CPU.ActiveCfg = Debug|Any CPU
		{EFC0E452-479B-4E28-81C3-B544149624BD}.Debug|Any CPU.Build.0 = Debug|Any CPU
		{EFC0E452-479B-4E28-81C3-B544149624BD}.Release|Any CPU.ActiveCfg = Release|Any CPU
		{EFC0E452-479B-4E28-81C3-B544149624BD}.Release|Any CPU.Build.0 = Release|Any CPU
	EndGlobalSection
	GlobalSection(SolutionProperties) = preSolution
		HideSolutionNode = FALSE
	EndGlobalSection
	GlobalSection(NestedProjects) = preSolution
		{75B07721-0E71-4D31-8F38-BE4AB754A7A6} = {E8411BAF-9A62-43D4-9117-A5E15C953910}
		{4A97A4D8-B1F7-4E09-BCB0-8FC41950D486} = {E8411BAF-9A62-43D4-9117-A5E15C953910}
		{DE29EFD9-A14A-409D-94AF-D345B5D0D65A} = {E8411BAF-9A62-43D4-9117-A5E15C953910}
		{1C443CC2-DE82-460E-9634-953C6FDDE41D} = {75B07721-0E71-4D31-8F38-BE4AB754A7A6}
		{EFC0E452-479B-4E28-81C3-B544149624BD} = {1C443CC2-DE82-460E-9634-953C6FDDE41D}
	EndGlobalSection
	GlobalSection(ExtensibilityGlobals) = postSolution
		SolutionGuid = {D2B15AD1-8CE8-4CBC-B90B-72A9B0CB9F5C}
	EndGlobalSection
EndGlobal
